// !$*UTF8*$!
{
	archiveVersion = 1;
	classes = {
	};
	objectVersion = 46;
	objects = {

/* Begin PBXBuildFile section */
		1737E3DD1EFBFB7D00ABD898 /* LoginManager.swift in Sources */ = {isa = PBXBuildFile; fileRef = 1737E3DC1EFBFB7D00ABD898 /* LoginManager.swift */; };
		174834BF1EFA972E00F9327F /* AppDelegate.swift in Sources */ = {isa = PBXBuildFile; fileRef = 174834BE1EFA972E00F9327F /* AppDelegate.swift */; };
		174834C11EFA972E00F9327F /* ViewController.swift in Sources */ = {isa = PBXBuildFile; fileRef = 174834C01EFA972E00F9327F /* ViewController.swift */; };
		174834C41EFA972E00F9327F /* Main.storyboard in Resources */ = {isa = PBXBuildFile; fileRef = 174834C21EFA972E00F9327F /* Main.storyboard */; };
		174834C61EFA972E00F9327F /* Assets.xcassets in Resources */ = {isa = PBXBuildFile; fileRef = 174834C51EFA972E00F9327F /* Assets.xcassets */; };
		174834C91EFA972E00F9327F /* LaunchScreen.storyboard in Resources */ = {isa = PBXBuildFile; fileRef = 174834C71EFA972E00F9327F /* LaunchScreen.storyboard */; };
		174834D41EFA972E00F9327F /* SwiftNetTests.swift in Sources */ = {isa = PBXBuildFile; fileRef = 174834D31EFA972E00F9327F /* SwiftNetTests.swift */; };
		174834DF1EFA972E00F9327F /* SwiftNetUITests.swift in Sources */ = {isa = PBXBuildFile; fileRef = 174834DE1EFA972E00F9327F /* SwiftNetUITests.swift */; };
		174834ED1EFA9C5D00F9327F /* Login.swift in Sources */ = {isa = PBXBuildFile; fileRef = 174834EC1EFA9C5D00F9327F /* Login.swift */; };
		174834EF1EFABC0700F9327F /* LoginResult.swift in Sources */ = {isa = PBXBuildFile; fileRef = 174834EE1EFABC0700F9327F /* LoginResult.swift */; };
		174834F11EFAC30D00F9327F /* Format.swift in Sources */ = {isa = PBXBuildFile; fileRef = 174834F01EFAC30D00F9327F /* Format.swift */; };
		94F6B9D338EBA0652805EB4B /* Pods_SwiftNet.framework in Frameworks */ = {isa = PBXBuildFile; fileRef = 5D4DB0B43607331CD3F326B9 /* Pods_SwiftNet.framework */; };
/* End PBXBuildFile section */

/* Begin PBXContainerItemProxy section */
		174834D01EFA972E00F9327F /* PBXContainerItemProxy */ = {
			isa = PBXContainerItemProxy;
			containerPortal = 174834B31EFA972E00F9327F /* Project object */;
			proxyType = 1;
			remoteGlobalIDString = 174834BA1EFA972E00F9327F;
			remoteInfo = SwiftNet;
		};
		174834DB1EFA972E00F9327F /* PBXContainerItemProxy */ = {
			isa = PBXContainerItemProxy;
			containerPortal = 174834B31EFA972E00F9327F /* Project object */;
			proxyType = 1;
			remoteGlobalIDString = 174834BA1EFA972E00F9327F;
			remoteInfo = SwiftNet;
		};
/* End PBXContainerItemProxy section */

/* Begin PBXFileReference section */
		1737E3DC1EFBFB7D00ABD898 /* LoginManager.swift */ = {isa = PBXFileReference; fileEncoding = 4; lastKnownFileType = sourcecode.swift; path = LoginManager.swift; sourceTree = "<group>"; };
		174834BB1EFA972E00F9327F /* SwiftNet.app */ = {isa = PBXFileReference; explicitFileType = wrapper.application; includeInIndex = 0; path = SwiftNet.app; sourceTree = BUILT_PRODUCTS_DIR; };
		174834BE1EFA972E00F9327F /* AppDelegate.swift */ = {isa = PBXFileReference; lastKnownFileType = sourcecode.swift; path = AppDelegate.swift; sourceTree = "<group>"; };
		174834C01EFA972E00F9327F /* ViewController.swift */ = {isa = PBXFileReference; lastKnownFileType = sourcecode.swift; path = ViewController.swift; sourceTree = "<group>"; };
		174834C31EFA972E00F9327F /* Base */ = {isa = PBXFileReference; lastKnownFileType = file.storyboard; name = Base; path = Base.lproj/Main.storyboard; sourceTree = "<group>"; };
		174834C51EFA972E00F9327F /* Assets.xcassets */ = {isa = PBXFileReference; lastKnownFileType = folder.assetcatalog; path = Assets.xcassets; sourceTree = "<group>"; };
		174834C81EFA972E00F9327F /* Base */ = {isa = PBXFileReference; lastKnownFileType = file.storyboard; name = Base; path = Base.lproj/LaunchScreen.storyboard; sourceTree = "<group>"; };
		174834CA1EFA972E00F9327F /* Info.plist */ = {isa = PBXFileReference; lastKnownFileType = text.plist.xml; path = Info.plist; sourceTree = "<group>"; };
		174834CF1EFA972E00F9327F /* SwiftNetTests.xctest */ = {isa = PBXFileReference; explicitFileType = wrapper.cfbundle; includeInIndex = 0; path = SwiftNetTests.xctest; sourceTree = BUILT_PRODUCTS_DIR; };
		174834D31EFA972E00F9327F /* SwiftNetTests.swift */ = {isa = PBXFileReference; lastKnownFileType = sourcecode.swift; path = SwiftNetTests.swift; sourceTree = "<group>"; };
		174834D51EFA972E00F9327F /* Info.plist */ = {isa = PBXFileReference; lastKnownFileType = text.plist.xml; path = Info.plist; sourceTree = "<group>"; };
		174834DA1EFA972E00F9327F /* SwiftNetUITests.xctest */ = {isa = PBXFileReference; explicitFileType = wrapper.cfbundle; includeInIndex = 0; path = SwiftNetUITests.xctest; sourceTree = BUILT_PRODUCTS_DIR; };
		174834DE1EFA972E00F9327F /* SwiftNetUITests.swift */ = {isa = PBXFileReference; lastKnownFileType = sourcecode.swift; path = SwiftNetUITests.swift; sourceTree = "<group>"; };
		174834E01EFA972E00F9327F /* Info.plist */ = {isa = PBXFileReference; lastKnownFileType = text.plist.xml; path = Info.plist; sourceTree = "<group>"; };
		174834EC1EFA9C5D00F9327F /* Login.swift */ = {isa = PBXFileReference; fileEncoding = 4; lastKnownFileType = sourcecode.swift; path = Login.swift; sourceTree = "<group>"; };
		174834EE1EFABC0700F9327F /* LoginResult.swift */ = {isa = PBXFileReference; fileEncoding = 4; lastKnownFileType = sourcecode.swift; path = LoginResult.swift; sourceTree = "<group>"; };
		174834F01EFAC30D00F9327F /* Format.swift */ = {isa = PBXFileReference; fileEncoding = 4; lastKnownFileType = sourcecode.swift; path = Format.swift; sourceTree = "<group>"; };
		5D4DB0B43607331CD3F326B9 /* Pods_SwiftNet.framework */ = {isa = PBXFileReference; explicitFileType = wrapper.framework; includeInIndex = 0; path = Pods_SwiftNet.framework; sourceTree = BUILT_PRODUCTS_DIR; };
		726D8C0367C4681B9F478AC3 /* Pods-SwiftNet.release.xcconfig */ = {isa = PBXFileReference; includeInIndex = 1; lastKnownFileType = text.xcconfig; name = "Pods-SwiftNet.release.xcconfig"; path = "Pods/Target Support Files/Pods-SwiftNet/Pods-SwiftNet.release.xcconfig"; sourceTree = "<group>"; };
		A24449EEEA9DA5A531672658 /* Pods-SwiftNet.debug.xcconfig */ = {isa = PBXFileReference; includeInIndex = 1; lastKnownFileType = text.xcconfig; name = "Pods-SwiftNet.debug.xcconfig"; path = "Pods/Target Support Files/Pods-SwiftNet/Pods-SwiftNet.debug.xcconfig"; sourceTree = "<group>"; };
/* End PBXFileReference section */

/* Begin PBXFrameworksBuildPhase section */
		174834B81EFA972E00F9327F /* Frameworks */ = {
			isa = PBXFrameworksBuildPhase;
			buildActionMask = 2147483647;
			files = (
				94F6B9D338EBA0652805EB4B /* Pods_SwiftNet.framework in Frameworks */,
			);
			runOnlyForDeploymentPostprocessing = 0;
		};
		174834CC1EFA972E00F9327F /* Frameworks */ = {
			isa = PBXFrameworksBuildPhase;
			buildActionMask = 2147483647;
			files = (
			);
			runOnlyForDeploymentPostprocessing = 0;
		};
		174834D71EFA972E00F9327F /* Frameworks */ = {
			isa = PBXFrameworksBuildPhase;
			buildActionMask = 2147483647;
			files = (
			);
			runOnlyForDeploymentPostprocessing = 0;
		};
/* End PBXFrameworksBuildPhase section */

/* Begin PBXGroup section */
		174834B21EFA972E00F9327F = {
			isa = PBXGroup;
			children = (
				174834BD1EFA972E00F9327F /* SwiftNet */,
				174834D21EFA972E00F9327F /* SwiftNetTests */,
				174834DD1EFA972E00F9327F /* SwiftNetUITests */,
				174834BC1EFA972E00F9327F /* Products */,
				26F58096C187B2F26E3F16C9 /* Pods */,
				CB41885FCB0C910512B57004 /* Frameworks */,
			);
			sourceTree = "<group>";
		};
		174834BC1EFA972E00F9327F /* Products */ = {
			isa = PBXGroup;
			children = (
				174834BB1EFA972E00F9327F /* SwiftNet.app */,
				174834CF1EFA972E00F9327F /* SwiftNetTests.xctest */,
				174834DA1EFA972E00F9327F /* SwiftNetUITests.xctest */,
			);
			name = Products;
			sourceTree = "<group>";
		};
		174834BD1EFA972E00F9327F /* SwiftNet */ = {
			isa = PBXGroup;
			children = (
				174834BE1EFA972E00F9327F /* AppDelegate.swift */,
				174834C01EFA972E00F9327F /* ViewController.swift */,
				174834C21EFA972E00F9327F /* Main.storyboard */,
				174834C51EFA972E00F9327F /* Assets.xcassets */,
				174834C71EFA972E00F9327F /* LaunchScreen.storyboard */,
				174834CA1EFA972E00F9327F /* Info.plist */,
				174834EC1EFA9C5D00F9327F /* Login.swift */,
				174834EE1EFABC0700F9327F /* LoginResult.swift */,
				174834F01EFAC30D00F9327F /* Format.swift */,
				1737E3DC1EFBFB7D00ABD898 /* LoginManager.swift */,
			);
			path = SwiftNet;
			sourceTree = "<group>";
		};
		174834D21EFA972E00F9327F /* SwiftNetTests */ = {
			isa = PBXGroup;
			children = (
				174834D31EFA972E00F9327F /* SwiftNetTests.swift */,
				174834D51EFA972E00F9327F /* Info.plist */,
			);
			path = SwiftNetTests;
			sourceTree = "<group>";
		};
		174834DD1EFA972E00F9327F /* SwiftNetUITests */ = {
			isa = PBXGroup;
			children = (
				174834DE1EFA972E00F9327F /* SwiftNetUITests.swift */,
				174834E01EFA972E00F9327F /* Info.plist */,
			);
			path = SwiftNetUITests;
			sourceTree = "<group>";
		};
		26F58096C187B2F26E3F16C9 /* Pods */ = {
			isa = PBXGroup;
			children = (
				A24449EEEA9DA5A531672658 /* Pods-SwiftNet.debug.xcconfig */,
				726D8C0367C4681B9F478AC3 /* Pods-SwiftNet.release.xcconfig */,
			);
			name = Pods;
			sourceTree = "<group>";
		};
		CB41885FCB0C910512B57004 /* Frameworks */ = {
			isa = PBXGroup;
			children = (
				5D4DB0B43607331CD3F326B9 /* Pods_SwiftNet.framework */,
			);
			name = Frameworks;
			sourceTree = "<group>";
		};
/* End PBXGroup section */

/* Begin PBXNativeTarget section */
		174834BA1EFA972E00F9327F /* SwiftNet */ = {
			isa = PBXNativeTarget;
			buildConfigurationList = 174834E31EFA972E00F9327F /* Build configuration list for PBXNativeTarget "SwiftNet" */;
			buildPhases = (
				4A0A095685E107788494C3E5 /* [CP] Check Pods Manifest.lock */,
				174834B71EFA972E00F9327F /* Sources */,
				174834B81EFA972E00F9327F /* Frameworks */,
				174834B91EFA972E00F9327F /* Resources */,
				B85826EEAE8C0DCA25B3B559 /* [CP] Embed Pods Frameworks */,
				D1421DEE08A3C4583B92DCBD /* [CP] Copy Pods Resources */,
			);
			buildRules = (
			);
			dependencies = (
			);
			name = SwiftNet;
			productName = SwiftNet;
			productReference = 174834BB1EFA972E00F9327F /* SwiftNet.app */;
			productType = "com.apple.product-type.application";
		};
		174834CE1EFA972E00F9327F /* SwiftNetTests */ = {
			isa = PBXNativeTarget;
			buildConfigurationList = 174834E61EFA972E00F9327F /* Build configuration list for PBXNativeTarget "SwiftNetTests" */;
			buildPhases = (
				174834CB1EFA972E00F9327F /* Sources */,
				174834CC1EFA972E00F9327F /* Frameworks */,
				174834CD1EFA972E00F9327F /* Resources */,
			);
			buildRules = (
			);
			dependencies = (
				174834D11EFA972E00F9327F /* PBXTargetDependency */,
			);
			name = SwiftNetTests;
			productName = SwiftNetTests;
			productReference = 174834CF1EFA972E00F9327F /* SwiftNetTests.xctest */;
			productType = "com.apple.product-type.bundle.unit-test";
		};
		174834D91EFA972E00F9327F /* SwiftNetUITests */ = {
			isa = PBXNativeTarget;
			buildConfigurationList = 174834E91EFA972E00F9327F /* Build configuration list for PBXNativeTarget "SwiftNetUITests" */;
			buildPhases = (
				174834D61EFA972E00F9327F /* Sources */,
				174834D71EFA972E00F9327F /* Frameworks */,
				174834D81EFA972E00F9327F /* Resources */,
			);
			buildRules = (
			);
			dependencies = (
				174834DC1EFA972E00F9327F /* PBXTargetDependency */,
			);
			name = SwiftNetUITests;
			productName = SwiftNetUITests;
			productReference = 174834DA1EFA972E00F9327F /* SwiftNetUITests.xctest */;
			productType = "com.apple.product-type.bundle.ui-testing";
		};
/* End PBXNativeTarget section */

/* Begin PBXProject section */
		174834B31EFA972E00F9327F /* Project object */ = {
			isa = PBXProject;
			attributes = {
				LastSwiftUpdateCheck = 0830;
				LastUpgradeCheck = 0830;
				ORGANIZATIONNAME = "Cheng DU";
				TargetAttributes = {
					174834BA1EFA972E00F9327F = {
						CreatedOnToolsVersion = 8.3.1;
						DevelopmentTeam = NUMBWL7MDQ;
						ProvisioningStyle = Automatic;
					};
					174834CE1EFA972E00F9327F = {
						CreatedOnToolsVersion = 8.3.1;
						DevelopmentTeam = NUMBWL7MDQ;
						ProvisioningStyle = Automatic;
						TestTargetID = 174834BA1EFA972E00F9327F;
					};
					174834D91EFA972E00F9327F = {
						CreatedOnToolsVersion = 8.3.1;
						DevelopmentTeam = NUMBWL7MDQ;
						ProvisioningStyle = Automatic;
						TestTargetID = 174834BA1EFA972E00F9327F;
					};
				};
			};
			buildConfigurationList = 174834B61EFA972E00F9327F /* Build configuration list for PBXProject "SwiftNet" */;
			compatibilityVersion = "Xcode 3.2";
			developmentRegion = English;
			hasScannedForEncodings = 0;
			knownRegions = (
				en,
				Base,
			);
			mainGroup = 174834B21EFA972E00F9327F;
			productRefGroup = 174834BC1EFA972E00F9327F /* Products */;
			projectDirPath = "";
			projectRoot = "";
			targets = (
				174834BA1EFA972E00F9327F /* SwiftNet */,
				174834CE1EFA972E00F9327F /* SwiftNetTests */,
				174834D91EFA972E00F9327F /* SwiftNetUITests */,
			);
		};
/* End PBXProject section */

/* Begin PBXResourcesBuildPhase section */
		174834B91EFA972E00F9327F /* Resources */ = {
			isa = PBXResourcesBuildPhase;
			buildActionMask = 2147483647;
			files = (
				174834C91EFA972E00F9327F /* LaunchScreen.storyboard in Resources */,
				174834C61EFA972E00F9327F /* Assets.xcassets in Resources */,
				174834C41EFA972E00F9327F /* Main.storyboard in Resources */,
			);
			runOnlyForDeploymentPostprocessing = 0;
		};
		174834CD1EFA972E00F9327F /* Resources */ = {
			isa = PBXResourcesBuildPhase;
			buildActionMask = 2147483647;
			files = (
			);
			runOnlyForDeploymentPostprocessing = 0;
		};
		174834D81EFA972E00F9327F /* Resources */ = {
			isa = PBXResourcesBuildPhase;
			buildActionMask = 2147483647;
			files = (
			);
			runOnlyForDeploymentPostprocessing = 0;
		};
/* End PBXResourcesBuildPhase section */

/* Begin PBXShellScriptBuildPhase section */
		4A0A095685E107788494C3E5 /* [CP] Check Pods Manifest.lock */ = {
			isa = PBXShellScriptBuildPhase;
			buildActionMask = 2147483647;
			files = (
			);
			inputPaths = (
			);
			name = "[CP] Check Pods Manifest.lock";
			outputPaths = (
			);
			runOnlyForDeploymentPostprocessing = 0;
			shellPath = /bin/sh;
			shellScript = "diff \"${PODS_PODFILE_DIR_PATH}/Podfile.lock\" \"${PODS_ROOT}/Manifest.lock\" > /dev/null\nif [ $? != 0 ] ; then\n    # print error to STDERR\n    echo \"error: The sandbox is not in sync with the Podfile.lock. Run 'pod install' or update your CocoaPods installation.\" >&2\n    exit 1\nfi\n";
			showEnvVarsInLog = 0;
		};
		B85826EEAE8C0DCA25B3B559 /* [CP] Embed Pods Frameworks */ = {
			isa = PBXShellScriptBuildPhase;
			buildActionMask = 2147483647;
			files = (
			);
			inputPaths = (
			);
			name = "[CP] Embed Pods Frameworks";
			outputPaths = (
			);
			runOnlyForDeploymentPostprocessing = 0;
			shellPath = /bin/sh;
			shellScript = "\"${SRCROOT}/Pods/Target Support Files/Pods-SwiftNet/Pods-SwiftNet-frameworks.sh\"\n";
			showEnvVarsInLog = 0;
		};
		D1421DEE08A3C4583B92DCBD /* [CP] Copy Pods Resources */ = {
			isa = PBXShellScriptBuildPhase;
			buildActionMask = 2147483647;
			files = (
			);
			inputPaths = (
			);
			name = "[CP] Copy Pods Resources";
			outputPaths = (
			);
			runOnlyForDeploymentPostprocessing = 0;
			shellPath = /bin/sh;
			shellScript = "\"${SRCROOT}/Pods/Target Support Files/Pods-SwiftNet/Pods-SwiftNet-resources.sh\"\n";
			showEnvVarsInLog = 0;
		};
/* End PBXShellScriptBuildPhase section */

/* Begin PBXSourcesBuildPhase section */
		174834B71EFA972E00F9327F /* Sources */ = {
			isa = PBXSourcesBuildPhase;
			buildActionMask = 2147483647;
			files = (
				174834EF1EFABC0700F9327F /* LoginResult.swift in Sources */,
				174834ED1EFA9C5D00F9327F /* Login.swift in Sources */,
				174834F11EFAC30D00F9327F /* Format.swift in Sources */,
				174834C11EFA972E00F9327F /* ViewController.swift in Sources */,
				174834BF1EFA972E00F9327F /* AppDelegate.swift in Sources */,
				1737E3DD1EFBFB7D00ABD898 /* LoginManager.swift in Sources */,
			);
			runOnlyForDeploymentPostprocessing = 0;
		};
		174834CB1EFA972E00F9327F /* Sources */ = {
			isa = PBXSourcesBuildPhase;
			buildActionMask = 2147483647;
			files = (
				174834D41EFA972E00F9327F /* SwiftNetTests.swift in Sources */,
			);
			runOnlyForDeploymentPostprocessing = 0;
		};
		174834D61EFA972E00F9327F /* Sources */ = {
			isa = PBXSourcesBuildPhase;
			buildActionMask = 2147483647;
			files = (
				174834DF1EFA972E00F9327F /* SwiftNetUITests.swift in Sources */,
			);
			runOnlyForDeploymentPostprocessing = 0;
		};
/* End PBXSourcesBuildPhase section */

/* Begin PBXTargetDependency section */
		174834D11EFA972E00F9327F /* PBXTargetDependency */ = {
			isa = PBXTargetDependency;
			target = 174834BA1EFA972E00F9327F /* SwiftNet */;
			targetProxy = 174834D01EFA972E00F9327F /* PBXContainerItemProxy */;
		};
		174834DC1EFA972E00F9327F /* PBXTargetDependency */ = {
			isa = PBXTargetDependency;
			target = 174834BA1EFA972E00F9327F /* SwiftNet */;
			targetProxy = 174834DB1EFA972E00F9327F /* PBXContainerItemProxy */;
		};
/* End PBXTargetDependency section */

/* Begin PBXVariantGroup section */
		174834C21EFA972E00F9327F /* Main.storyboard */ = {
			isa = PBXVariantGroup;
			children = (
				174834C31EFA972E00F9327F /* Base */,
			);
			name = Main.storyboard;
			sourceTree = "<group>";
		};
		174834C71EFA972E00F9327F /* LaunchScreen.storyboard */ = {
			isa = PBXVariantGroup;
			children = (
				174834C81EFA972E00F9327F /* Base */,
			);
			name = LaunchScreen.storyboard;
			sourceTree = "<group>";
		};
/* End PBXVariantGroup section */

/* Begin XCBuildConfiguration section */
		174834E11EFA972E00F9327F /* Debug */ = {
			isa = XCBuildConfiguration;
			buildSettings = {
				ALWAYS_SEARCH_USER_PATHS = NO;
				CLANG_ANALYZER_NONNULL = YES;
				CLANG_ANALYZER_NUMBER_OBJECT_CONVERSION = YES_AGGRESSIVE;
				CLANG_CXX_LANGUAGE_STANDARD = "gnu++0x";
				CLANG_CXX_LIBRARY = "libc++";
				CLANG_ENABLE_MODULES = YES;
				CLANG_ENABLE_OBJC_ARC = YES;
				CLANG_WARN_BOOL_CONVERSION = YES;
				CLANG_WARN_CONSTANT_CONVERSION = YES;
				CLANG_WARN_DIRECT_OBJC_ISA_USAGE = YES_ERROR;
				CLANG_WARN_DOCUMENTATION_COMMENTS = YES;
				CLANG_WARN_EMPTY_BODY = YES;
				CLANG_WARN_ENUM_CONVERSION = YES;
				CLANG_WARN_INFINITE_RECURSION = YES;
				CLANG_WARN_INT_CONVERSION = YES;
				CLANG_WARN_OBJC_ROOT_CLASS = YES_ERROR;
				CLANG_WARN_SUSPICIOUS_MOVE = YES;
				CLANG_WARN_UNREACHABLE_CODE = YES;
				CLANG_WARN__DUPLICATE_METHOD_MATCH = YES;
				"CODE_SIGN_IDENTITY[sdk=iphoneos*]" = "iPhone Developer";
				COPY_PHASE_STRIP = NO;
				DEBUG_INFORMATION_FORMAT = dwarf;
				ENABLE_STRICT_OBJC_MSGSEND = YES;
				ENABLE_TESTABILITY = YES;
				GCC_C_LANGUAGE_STANDARD = gnu99;
				GCC_DYNAMIC_NO_PIC = NO;
				GCC_NO_COMMON_BLOCKS = YES;
				GCC_OPTIMIZATION_LEVEL = 0;
				GCC_PREPROCESSOR_DEFINITIONS = (
					"DEBUG=1",
					"$(inherited)",
				);
				GCC_WARN_64_TO_32_BIT_CONVERSION = YES;
				GCC_WARN_ABOUT_RETURN_TYPE = YES_ERROR;
				GCC_WARN_UNDECLARED_SELECTOR = YES;
				GCC_WARN_UNINITIALIZED_AUTOS = YES_AGGRESSIVE;
				GCC_WARN_UNUSED_FUNCTION = YES;
				GCC_WARN_UNUSED_VARIABLE = YES;
				IPHONEOS_DEPLOYMENT_TARGET = 10.3;
				MTL_ENABLE_DEBUG_INFO = YES;
				ONLY_ACTIVE_ARCH = YES;
				SDKROOT = iphoneos;
				SWIFT_ACTIVE_COMPILATION_CONDITIONS = DEBUG;
				SWIFT_OPTIMIZATION_LEVEL = "-Onone";
				TARGETED_DEVICE_FAMILY = "1,2";
			};
			name = Debug;
		};
		174834E21EFA972E00F9327F /* Release */ = {
			isa = XCBuildConfiguration;
			buildSettings = {
				ALWAYS_SEARCH_USER_PATHS = NO;
				CLANG_ANALYZER_NONNULL = YES;
				CLANG_ANALYZER_NUMBER_OBJECT_CONVERSION = YES_AGGRESSIVE;
				CLANG_CXX_LANGUAGE_STANDARD = "gnu++0x";
				CLANG_CXX_LIBRARY = "libc++";
				CLANG_ENABLE_MODULES = YES;
				CLANG_ENABLE_OBJC_ARC = YES;
				CLANG_WARN_BOOL_CONVERSION = YES;
				CLANG_WARN_CONSTANT_CONVERSION = YES;
				CLANG_WARN_DIRECT_OBJC_ISA_USAGE = YES_ERROR;
				CLANG_WARN_DOCUMENTATION_COMMENTS = YES;
				CLANG_WARN_EMPTY_BODY = YES;
				CLANG_WARN_ENUM_CONVERSION = YES;
				CLANG_WARN_INFINITE_RECURSION = YES;
				CLANG_WARN_INT_CONVERSION = YES;
				CLANG_WARN_OBJC_ROOT_CLASS = YES_ERROR;
				CLANG_WARN_SUSPICIOUS_MOVE = YES;
				CLANG_WARN_UNREACHABLE_CODE = YES;
				CLANG_WARN__DUPLICATE_METHOD_MATCH = YES;
				"CODE_SIGN_IDENTITY[sdk=iphoneos*]" = "iPhone Developer";
				COPY_PHASE_STRIP = NO;
				DEBUG_INFORMATION_FORMAT = "dwarf-with-dsym";
				ENABLE_NS_ASSERTIONS = NO;
				ENABLE_STRICT_OBJC_MSGSEND = YES;
				GCC_C_LANGUAGE_STANDARD = gnu99;
				GCC_NO_COMMON_BLOCKS = YES;
				GCC_WARN_64_TO_32_BIT_CONVERSION = YES;
				GCC_WARN_ABOUT_RETURN_TYPE = YES_ERROR;
				GCC_WARN_UNDECLARED_SELECTOR = YES;
				GCC_WARN_UNINITIALIZED_AUTOS = YES_AGGRESSIVE;
				GCC_WARN_UNUSED_FUNCTION = YES;
				GCC_WARN_UNUSED_VARIABLE = YES;
				IPHONEOS_DEPLOYMENT_TARGET = 10.3;
				MTL_ENABLE_DEBUG_INFO = NO;
				SDKROOT = iphoneos;
				SWIFT_OPTIMIZATION_LEVEL = "-Owholemodule";
				TARGETED_DEVICE_FAMILY = "1,2";
				VALIDATE_PRODUCT = YES;
			};
			name = Release;
		};
		174834E41EFA972E00F9327F /* Debug */ = {
			isa = XCBuildConfiguration;
			baseConfigurationReference = A24449EEEA9DA5A531672658 /* Pods-SwiftNet.debug.xcconfig */;
			buildSettings = {
				ASSETCATALOG_COMPILER_APPICON_NAME = AppIcon;
				DEVELOPMENT_TEAM = NUMBWL7MDQ;
				INFOPLIST_FILE = SwiftNet/Info.plist;
				LD_RUNPATH_SEARCH_PATHS = "$(inherited) @executable_path/Frameworks";
				PRODUCT_BUNDLE_IDENTIFIER = wemanity.SwiftNet;
				PRODUCT_NAME = "$(TARGET_NAME)";
				SWIFT_VERSION = 3.0;
			};
			name = Debug;
		};
		174834E51EFA972E00F9327F /* Release */ = {
			isa = XCBuildConfiguration;
			baseConfigurationReference = 726D8C0367C4681B9F478AC3 /* Pods-SwiftNet.release.xcconfig */;
			buildSettings = {
				ASSETCATALOG_COMPILER_APPICON_NAME = AppIcon;
				DEVELOPMENT_TEAM = NUMBWL7MDQ;
				INFOPLIST_FILE = SwiftNet/Info.plist;
				LD_RUNPATH_SEARCH_PATHS = "$(inherited) @executable_path/Frameworks";
				PRODUCT_BUNDLE_IDENTIFIER = wemanity.SwiftNet;
				PRODUCT_NAME = "$(TARGET_NAME)";
				SWIFT_VERSION = 3.0;
			};
			name = Release;
		};
		174834E71EFA972E00F9327F /* Debug */ = {
			isa = XCBuildConfiguration;
			buildSettings = {
				ALWAYS_EMBED_SWIFT_STANDARD_LIBRARIES = YES;
				BUNDLE_LOADER = "$(TEST_HOST)";
				DEVELOPMENT_TEAM = NUMBWL7MDQ;
				INFOPLIST_FILE = SwiftNetTests/Info.plist;
				LD_RUNPATH_SEARCH_PATHS = "$(inherited) @executable_path/Frameworks @loader_path/Frameworks";
				PRODUCT_BUNDLE_IDENTIFIER = wemanity.SwiftNetTests;
				PRODUCT_NAME = "$(TARGET_NAME)";
				SWIFT_VERSION = 3.0;
				TEST_HOST = "$(BUILT_PRODUCTS_DIR)/SwiftNet.app/SwiftNet";
			};
			name = Debug;
		};
		174834E81EFA972E00F9327F /* Release */ = {
			isa = XCBuildConfiguration;
			buildSettings = {
				ALWAYS_EMBED_SWIFT_STANDARD_LIBRARIES = YES;
				BUNDLE_LOADER = "$(TEST_HOST)";
				DEVELOPMENT_TEAM = NUMBWL7MDQ;
				INFOPLIST_FILE = SwiftNetTests/Info.plist;
				LD_RUNPATH_SEARCH_PATHS = "$(inherited) @executable_path/Frameworks @loader_path/Frameworks";
				PRODUCT_BUNDLE_IDENTIFIER = wemanity.SwiftNetTests;
				PRODUCT_NAME = "$(TARGET_NAME)";
				SWIFT_VERSION = 3.0;
				TEST_HOST = "$(BUILT_PRODUCTS_DIR)/SwiftNet.app/SwiftNet";
			};
			name = Release;
		};
		174834EA1EFA972E00F9327F /* Debug */ = {
			isa = XCBuildConfiguration;
			buildSettings = {
				ALWAYS_EMBED_SWIFT_STANDARD_LIBRARIES = YES;
				DEVELOPMENT_TEAM = NUMBWL7MDQ;
				INFOPLIST_FILE = SwiftNetUITests/Info.plist;
				LD_RUNPATH_SEARCH_PATHS = "$(inherited) @executable_path/Frameworks @loader_path/Frameworks";
				PRODUCT_BUNDLE_IDENTIFIER = wemanity.SwiftNetUITests;
				PRODUCT_NAME = "$(TARGET_NAME)";
				SWIFT_VERSION = 3.0;
				TEST_TARGET_NAME = SwiftNet;
			};
			name = Debug;
		};
		174834EB1EFA972E00F9327F /* Release */ = {
			isa = XCBuildConfiguration;
			buildSettings = {
				ALWAYS_EMBED_SWIFT_STANDARD_LIBRARIES = YES;
				DEVELOPMENT_TEAM = NUMBWL7MDQ;
				INFOPLIST_FILE = SwiftNetUITests/Info.plist;
				LD_RUNPATH_SEARCH_PATHS = "$(inherited) @executable_path/Frameworks @loader_path/Frameworks";
				PRODUCT_BUNDLE_IDENTIFIER = wemanity.SwiftNetUITests;
				PRODUCT_NAME = "$(TARGET_NAME)";
				SWIFT_VERSION = 3.0;
				TEST_TARGET_NAME = SwiftNet;
			};
			name = Release;
		};
/* End XCBuildConfiguration section */

/* Begin XCConfigurationList section */
		174834B61EFA972E00F9327F /* Build configuration list for PBXProject "SwiftNet" */ = {
			isa = XCConfigurationList;
			buildConfigurations = (
				174834E11EFA972E00F9327F /* Debug */,
				174834E21EFA972E00F9327F /* Release */,
			);
			defaultConfigurationIsVisible = 0;
			defaultConfigurationName = Release;
		};
		174834E31EFA972E00F9327F /* Build configuration list for PBXNativeTarget "SwiftNet" */ = {
			isa = XCConfigurationList;
			buildConfigurations = (
				174834E41EFA972E00F9327F /* Debug */,
				174834E51EFA972E00F9327F /* Release */,
			);
			defaultConfigurationIsVisible = 0;
			defaultConfigurationName = Release;
		};
		174834E61EFA972E00F9327F /* Build configuration list for PBXNativeTarget "SwiftNetTests" */ = {
			isa = XCConfigurationList;
			buildConfigurations = (
				174834E71EFA972E00F9327F /* Debug */,
				174834E81EFA972E00F9327F /* Release */,
			);
			defaultConfigurationIsVisible = 0;
			defaultConfigurationName = Release;
		};
		174834E91EFA972E00F9327F /* Build configuration list for PBXNativeTarget "SwiftNetUITests" */ = {
			isa = XCConfigurationList;
			buildConfigurations = (
				174834EA1EFA972E00F9327F /* Debug */,
				174834EB1EFA972E00F9327F /* Release */,
			);
			defaultConfigurationIsVisible = 0;
			defaultConfigurationName = Release;
		};
/* End XCConfigurationList section */
	};
	rootObject = 174834B31EFA972E00F9327F /* Project object */;
}
